
Microsoft Visual Studio Solution File, Format Version 12.00
# Visual Studio Version 17
VisualStudioVersion = 17.13.35919.96
MinimumVisualStudioVersion = 10.0.40219.1
Project("{FAE04EC0-301F-11D3-BF4B-00C04F79EFBC}") = "MLSM.UI", "MLSM.UI\MLSM.UI.csproj", "{E551165C-8695-4128-B6DC-C2585D32131B}"
EndProject
Project("{FAE04EC0-301F-11D3-BF4B-00C04F79EFBC}") = "MLSM.Backoffice", "MLSM.Backoffice\MLSM.Backoffice.csproj", "{C03F0DF5-8516-4E75-A76B-7DB32FBF6AF7}"
EndProject
Project("{FAE04EC0-301F-11D3-BF4B-00C04F79EFBC}") = "MLSM.Api", "MLSM.Api\MLSM.Api.csproj", "{972960D9-99F8-419C-BB0B-47F81592BD78}"
EndProject
Project("{FAE04EC0-301F-11D3-BF4B-00C04F79EFBC}") = "MLSM.UI.Client", "MLSM.UI.Client\MLSM.UI.Client.csproj", "{FC55AEEA-B09C-4218-8C63-74920B6F95ED}"
EndProject
Project("{FAE04EC0-301F-11D3-BF4B-00C04F79EFBC}") = "MLSM.UI.Server", "MLSM.UI.Server\MLSM.UI.Server.csproj", "{9471C982-7634-4E74-B385-306D38DFF401}"
EndProject
Project("{FAE04EC0-301F-11D3-BF4B-00C04F79EFBC}") = "MLSM.UI.Server.CL", "MLSM.UI.Server.CL\MLSM.UI.Server.CL.csproj", "{25F8834D-AB72-4270-88FC-307394814753}"
EndProject
Global
	GlobalSection(SolutionConfigurationPlatforms) = preSolution
		Debug|Any CPU = Debug|Any CPU
		Release|Any CPU = Release|Any CPU
	EndGlobalSection
	GlobalSection(ProjectConfigurationPlatforms) = postSolution
		{E551165C-8695-4128-B6DC-C2585D32131B}.Debug|Any CPU.ActiveCfg = Debug|Any CPU
		{E551165C-8695-4128-B6DC-C2585D32131B}.Debug|Any CPU.Build.0 = Debug|Any CPU
		{E551165C-8695-4128-B6DC-C2585D32131B}.Release|Any CPU.ActiveCfg = Release|Any CPU
		{E551165C-8695-4128-B6DC-C2585D32131B}.Release|Any CPU.Build.0 = Release|Any CPU
		{C03F0DF5-8516-4E75-A76B-7DB32FBF6AF7}.Debug|Any CPU.ActiveCfg = Debug|Any CPU
		{C03F0DF5-8516-4E75-A76B-7DB32FBF6AF7}.Debug|Any CPU.Build.0 = Debug|Any CPU
		{C03F0DF5-8516-4E75-A76B-7DB32FBF6AF7}.Release|Any CPU.ActiveCfg = Release|Any CPU
		{C03F0DF5-8516-4E75-A76B-7DB32FBF6AF7}.Release|Any CPU.Build.0 = Release|Any CPU
		{972960D9-99F8-419C-BB0B-47F81592BD78}.Debug|Any CPU.ActiveCfg = Debug|Any CPU
		{972960D9-99F8-419C-BB0B-47F81592BD78}.Debug|Any CPU.Build.0 = Debug|Any CPU
		{972960D9-99F8-419C-BB0B-47F81592BD78}.Release|Any CPU.ActiveCfg = Release|Any CPU
		{972960D9-99F8-419C-BB0B-47F81592BD78}.Release|Any CPU.Build.0 = Release|Any CPU
		{FC55AEEA-B09C-4218-8C63-74920B6F95ED}.Debug|Any CPU.ActiveCfg = Debug|Any CPU
		{FC55AEEA-B09C-4218-8C63-74920B6F95ED}.Debug|Any CPU.Build.0 = Debug|Any CPU
		{FC55AEEA-B09C-4218-8C63-74920B6F95ED}.Release|Any CPU.ActiveCfg = Release|Any CPU
		{FC55AEEA-B09C-4218-8C63-74920B6F95ED}.Release|Any CPU.Build.0 = Release|Any CPU
		{9471C982-7634-4E74-B385-306D38DFF401}.Debug|Any CPU.ActiveCfg = Debug|Any CPU
		{9471C982-7634-4E74-B385-306D38DFF401}.Debug|Any CPU.Build.0 = Debug|Any CPU
		{9471C982-7634-4E74-B385-306D38DFF401}.Release|Any CPU.ActiveCfg = Release|Any CPU
		{9471C982-7634-4E74-B385-306D38DFF401}.Release|Any CPU.Build.0 = Release|Any CPU
		{25F8834D-AB72-4270-88FC-307394814753}.Debug|Any CPU.ActiveCfg = Debug|Any CPU
		{25F8834D-AB72-4270-88FC-307394814753}.Debug|Any CPU.Build.0 = Debug|Any CPU
		{25F8834D-AB72-4270-88FC-307394814753}.Release|Any CPU.ActiveCfg = Release|Any CPU
		{25F8834D-AB72-4270-88FC-307394814753}.Release|Any CPU.Build.0 = Release|Any CPU
	EndGlobalSection
	GlobalSection(SolutionProperties) = preSolution
		HideSolutionNode = FALSE
	EndGlobalSection
	GlobalSection(ExtensibilityGlobals) = postSolution
		SolutionGuid = {93271F87-B2B5-4694-8B49-C8E8B68E08BC}
	EndGlobalSection
EndGlobal
